// !$*UTF8*$!
{
	archiveVersion = 1;
	classes = {
	};
	objectVersion = 46;
	objects = {

/* Begin PBXBuildFile section */
		3B5707CA1C70D9AC00E878D3 /* Settings.bundle in Resources */ = {isa = PBXBuildFile; fileRef = 3B5707C91C70D9AC00E878D3 /* Settings.bundle */; };
		4AEB15381C3F125F0047EDF7 /* AppDelegate.swift in Sources */ = {isa = PBXBuildFile; fileRef = 4AEB15371C3F125F0047EDF7 /* AppDelegate.swift */; };
		4AEB153A1C3F125F0047EDF7 /* ViewController.swift in Sources */ = {isa = PBXBuildFile; fileRef = 4AEB15391C3F125F0047EDF7 /* ViewController.swift */; };
		4AEB153D1C3F125F0047EDF7 /* Main.storyboard in Resources */ = {isa = PBXBuildFile; fileRef = 4AEB153B1C3F125F0047EDF7 /* Main.storyboard */; };
		4AEB153F1C3F125F0047EDF7 /* Assets.xcassets in Resources */ = {isa = PBXBuildFile; fileRef = 4AEB153E1C3F125F0047EDF7 /* Assets.xcassets */; };
		4AEB15421C3F125F0047EDF7 /* LaunchScreen.storyboard in Resources */ = {isa = PBXBuildFile; fileRef = 4AEB15401C3F125F0047EDF7 /* LaunchScreen.storyboard */; };
/* End PBXBuildFile section */

/* Begin PBXFileReference section */
		3B5707C91C70D9AC00E878D3 /* Settings.bundle */ = {isa = PBXFileReference; lastKnownFileType = "wrapper.plug-in"; path = Settings.bundle; sourceTree = "<group>"; };
		4AEB15341C3F125F0047EDF7 /* PhotoFeed.app */ = {isa = PBXFileReference; explicitFileType = wrapper.application; includeInIndex = 0; path = PhotoFeed.app; sourceTree = BUILT_PRODUCTS_DIR; };
		4AEB15371C3F125F0047EDF7 /* AppDelegate.swift */ = {isa = PBXFileReference; lastKnownFileType = sourcecode.swift; path = AppDelegate.swift; sourceTree = "<group>"; };
		4AEB15391C3F125F0047EDF7 /* ViewController.swift */ = {isa = PBXFileReference; lastKnownFileType = sourcecode.swift; path = ViewController.swift; sourceTree = "<group>"; };
		4AEB153C1C3F125F0047EDF7 /* Base */ = {isa = PBXFileReference; lastKnownFileType = file.storyboard; name = Base; path = Base.lproj/Main.storyboard; sourceTree = "<group>"; };
		4AEB153E1C3F125F0047EDF7 /* Assets.xcassets */ = {isa = PBXFileReference; lastKnownFileType = folder.assetcatalog; path = Assets.xcassets; sourceTree = "<group>"; };
		4AEB15411C3F125F0047EDF7 /* Base */ = {isa = PBXFileReference; lastKnownFileType = file.storyboard; name = Base; path = Base.lproj/LaunchScreen.storyboard; sourceTree = "<group>"; };
		4AEB15431C3F125F0047EDF7 /* Info.plist */ = {isa = PBXFileReference; lastKnownFileType = text.plist.xml; path = Info.plist; sourceTree = "<group>"; };
/* End PBXFileReference section */

/* Begin PBXFrameworksBuildPhase section */
		4AEB15311C3F125F0047EDF7 /* Frameworks */ = {
			isa = PBXFrameworksBuildPhase;
			buildActionMask = 2147483647;
			files = (
			);
			runOnlyForDeploymentPostprocessing = 0;
		};
/* End PBXFrameworksBuildPhase section */

/* Begin PBXGroup section */
		4AEB152B1C3F125F0047EDF7 = {
			isa = PBXGroup;
			children = (
				4AEB15361C3F125F0047EDF7 /* PhotoFeed */,
				4AEB15351C3F125F0047EDF7 /* Products */,
			);
			sourceTree = "<group>";
		};
		4AEB15351C3F125F0047EDF7 /* Products */ = {
			isa = PBXGroup;
			children = (
				4AEB15341C3F125F0047EDF7 /* PhotoFeed.app */,
			);
			name = Products;
			sourceTree = "<group>";
		};
		4AEB15361C3F125F0047EDF7 /* PhotoFeed */ = {
			isa = PBXGroup;
			children = (
				4AEB15371C3F125F0047EDF7 /* AppDelegate.swift */,
				4AEB15391C3F125F0047EDF7 /* ViewController.swift */,
				4AEB153B1C3F125F0047EDF7 /* Main.storyboard */,
				4AEB153E1C3F125F0047EDF7 /* Assets.xcassets */,
				4AEB15401C3F125F0047EDF7 /* LaunchScreen.storyboard */,
				4AEB15431C3F125F0047EDF7 /* Info.plist */,
				3B5707C91C70D9AC00E878D3 /* Settings.bundle */,
			);
			path = PhotoFeed;
			sourceTree = "<group>";
		};
/* End PBXGroup section */

/* Begin PBXNativeTarget section */
		4AEB15331C3F125F0047EDF7 /* PhotoFeed */ = {
			isa = PBXNativeTarget;
			buildConfigurationList = 4AEB15461C3F125F0047EDF7 /* Build configuration list for PBXNativeTarget "PhotoFeed" */;
			buildPhases = (
				4AEB15301C3F125F0047EDF7 /* Sources */,
				4AEB15311C3F125F0047EDF7 /* Frameworks */,
				4AEB15321C3F125F0047EDF7 /* Resources */,
			);
			buildRules = (
			);
			dependencies = (
			);
			name = PhotoFeed;
			productName = PhotoFeed;
			productReference = 4AEB15341C3F125F0047EDF7 /* PhotoFeed.app */;
			productType = "com.apple.product-type.application";
		};
/* End PBXNativeTarget section */

/* Begin PBXProject section */
		4AEB152C1C3F125F0047EDF7 /* Project object */ = {
			isa = PBXProject;
			attributes = {
				LastSwiftUpdateCheck = 0720;
				LastUpgradeCheck = 0720;
				ORGANIZATIONNAME = YourOganisation;
				TargetAttributes = {
					4AEB15331C3F125F0047EDF7 = {
						CreatedOnToolsVersion = 7.2;
					};
				};
			};
			buildConfigurationList = 4AEB152F1C3F125F0047EDF7 /* Build configuration list for PBXProject "PhotoFeed" */;
			compatibilityVersion = "Xcode 3.2";
			developmentRegion = English;
			hasScannedForEncodings = 0;
			knownRegions = (
				en,
				Base,
			);
			mainGroup = 4AEB152B1C3F125F0047EDF7;
			productRefGroup = 4AEB15351C3F125F0047EDF7 /* Products */;
			projectDirPath = "";
			projectRoot = "";
			targets = (
				4AEB15331C3F125F0047EDF7 /* PhotoFeed */,
			);
		};
/* End PBXProject section */

/* Begin PBXResourcesBuildPhase section */
		4AEB15321C3F125F0047EDF7 /* Resources */ = {
			isa = PBXResourcesBuildPhase;
			buildActionMask = 2147483647;
			files = (
				3B5707CA1C70D9AC00E878D3 /* Settings.bundle in Resources */,
				4AEB15421C3F125F0047EDF7 /* LaunchScreen.storyboard in Resources */,
				4AEB153F1C3F125F0047EDF7 /* Assets.xcassets in Resources */,
				4AEB153D1C3F125F0047EDF7 /* Main.storyboard in Resources */,
			);
			runOnlyForDeploymentPostprocessing = 0;
		};
/* End PBXResourcesBuildPhase section */

/* Begin PBXSourcesBuildPhase section */
		4AEB15301C3F125F0047EDF7 /* Sources */ = {
			isa = PBXSourcesBuildPhase;
			buildActionMask = 2147483647;
			files = (
				4AEB153A1C3F125F0047EDF7 /* ViewController.swift in Sources */,
				4AEB15381C3F125F0047EDF7 /* AppDelegate.swift in Sources */,
			);
			runOnlyForDeploymentPostprocessing = 0;
		};
/* End PBXSourcesBuildPhase section */

/* Begin PBXVariantGroup section */
		4AEB153B1C3F125F0047EDF7 /* Main.storyboard */ = {
			isa = PBXVariantGroup;
			children = (
				4AEB153C1C3F125F0047EDF7 /* Base */,
			);
			name = Main.storyboard;
			sourceTree = "<group>";
		};
		4AEB15401C3F125F0047EDF7 /* LaunchScreen.storyboard */ = {
			isa = PBXVariantGroup;
			children = (
				4AEB15411C3F125F0047EDF7 /* Base */,
			);
			name = LaunchScreen.storyboard;
			sourceTree = "<group>";
		};
/* End PBXVariantGroup section */

/* Begin XCBuildConfiguration section */
		4AEB15441C3F125F0047EDF7 /* Debug */ = {
			isa = XCBuildConfiguration;
			buildSettings = {
				ALWAYS_SEARCH_USER_PATHS = NO;
				CLANG_CXX_LANGUAGE_STANDARD = "gnu++0x";
				CLANG_CXX_LIBRARY = "libc++";
				CLANG_ENABLE_MODULES = YES;
				CLANG_ENABLE_OBJC_ARC = YES;
				CLANG_WARN_BOOL_CONVERSION = YES;
				CLANG_WARN_CONSTANT_CONVERSION = YES;
				CLANG_WARN_DIRECT_OBJC_ISA_USAGE = YES_ERROR;
				CLANG_WARN_EMPTY_BODY = YES;
				CLANG_WARN_ENUM_CONVERSION = YES;
				CLANG_WARN_INT_CONVERSION = YES;
				CLANG_WARN_OBJC_ROOT_CLASS = YES_ERROR;
				CLANG_WARN_UNREACHABLE_CODE = YES;
				CLANG_WARN__DUPLICATE_METHOD_MATCH = YES;
				"CODE_SIGN_IDENTITY[sdk=iphoneos*]" = "iPhone Developer";
				COPY_PHASE_STRIP = NO;
				DEBUG_INFORMATION_FORMAT = dwarf;
				ENABLE_STRICT_OBJC_MSGSEND = YES;
				ENABLE_TESTABILITY = YES;
				GCC_C_LANGUAGE_STANDARD = gnu99;
				GCC_DYNAMIC_NO_PIC = NO;
				GCC_NO_COMMON_BLOCKS = YES;
				GCC_OPTIMIZATION_LEVEL = 0;
				GCC_PREPROCESSOR_DEFINITIONS = (
					"DEBUG=1",
					"$(inherited)",
				);
				GCC_WARN_64_TO_32_BIT_CONVERSION = YES;
				GCC_WARN_ABOUT_RETURN_TYPE = YES_ERROR;
				GCC_WARN_UNDECLARED_SELECTOR = YES;
				GCC_WARN_UNINITIALIZED_AUTOS = YES_AGGRESSIVE;
				GCC_WARN_UNUSED_FUNCTION = YES;
				GCC_WARN_UNUSED_VARIABLE = YES;
				IPHONEOS_DEPLOYMENT_TARGET = 9.2;
				MTL_ENABLE_DEBUG_INFO = YES;
				ONLY_ACTIVE_ARCH = YES;
				SDKROOT = iphoneos;
				SWIFT_OPTIMIZATION_LEVEL = "-Onone";
				TARGETED_DEVICE_FAMILY = "1,2";
			};
			name = Debug;
		};
		4AEB15451C3F125F0047EDF7 /* Release */ = {
			isa = XCBuildConfiguration;
			buildSettings = {
				ALWAYS_SEARCH_USER_PATHS = NO;
				CLANG_CXX_LANGUAGE_STANDARD = "gnu++0x";
				CLANG_CXX_LIBRARY = "libc++";
				CLANG_ENABLE_MODULES = YES;
				CLANG_ENABLE_OBJC_ARC = YES;
				CLANG_WARN_BOOL_CONVERSION = YES;
				CLANG_WARN_CONSTANT_CONVERSION = YES;
				CLANG_WARN_DIRECT_OBJC_ISA_USAGE = YES_ERROR;
				CLANG_WARN_EMPTY_BODY = YES;
				CLANG_WARN_ENUM_CONVERSION = YES;
				CLANG_WARN_INT_CONVERSION = YES;
				CLANG_WARN_OBJC_ROOT_CLASS = YES_ERROR;
				CLANG_WARN_UNREACHABLE_CODE = YES;
				CLANG_WARN__DUPLICATE_METHOD_MATCH = YES;
				"CODE_SIGN_IDENTITY[sdk=iphoneos*]" = "iPhone Developer";
				COPY_PHASE_STRIP = NO;
				DEBUG_INFORMATION_FORMAT = "dwarf-with-dsym";
				ENABLE_NS_ASSERTIONS = NO;
				ENABLE_STRICT_OBJC_MSGSEND = YES;
				GCC_C_LANGUAGE_STANDARD = gnu99;
				GCC_NO_COMMON_BLOCKS = YES;
				GCC_WARN_64_TO_32_BIT_CONVERSION = YES;
				GCC_WARN_ABOUT_RETURN_TYPE = YES_ERROR;
				GCC_WARN_UNDECLARED_SELECTOR = YES;
				GCC_WARN_UNINITIALIZED_AUTOS = YES_AGGRESSIVE;
				GCC_WARN_UNUSED_FUNCTION = YES;
				GCC_WARN_UNUSED_VARIABLE = YES;
				IPHONEOS_DEPLOYMENT_TARGET = 9.2;
				MTL_ENABLE_DEBUG_INFO = NO;
				SDKROOT = iphoneos;
				TARGETED_DEVICE_FAMILY = "1,2";
				VALIDATE_PRODUCT = YES;
			};
			name = Release;
		};
		4AEB15471C3F125F0047EDF7 /* Debug */ = {
			isa = XCBuildConfiguration;
			buildSettings = {
				ASSETCATALOG_COMPILER_APPICON_NAME = AppIcon;
				INFOPLIST_FILE = PhotoFeed/Info.plist;
				LD_RUNPATH_SEARCH_PATHS = "$(inherited) @executable_path/Frameworks";
				PRODUCT_BUNDLE_IDENTIFIER = com.yourorg.PhotoFeed;
				PRODUCT_NAME = "$(TARGET_NAME)";
			};
			name = Debug;
		};
		4AEB15481C3F125F0047EDF7 /* Release */ = {
			isa = XCBuildConfiguration;
			buildSettings = {
				ASSETCATALOG_COMPILER_APPICON_NAME = AppIcon;
				INFOPLIST_FILE = PhotoFeed/Info.plist;
				LD_RUNPATH_SEARCH_PATHS = "$(inherited) @executable_path/Frameworks";
				PRODUCT_BUNDLE_IDENTIFIER = com.yourorg.PhotoFeed;
				PRODUCT_NAME = "$(TARGET_NAME)";
			};
			name = Release;
		};
/* End XCBuildConfiguration section */

/* Begin XCConfigurationList section */
		4AEB152F1C3F125F0047EDF7 /* Build configuration list for PBXProject "PhotoFeed" */ = {
			isa = XCConfigurationList;
			buildConfigurations = (
				4AEB15441C3F125F0047EDF7 /* Debug */,
				4AEB15451C3F125F0047EDF7 /* Release */,
			);
			defaultConfigurationIsVisible = 0;
			defaultConfigurationName = Release;
		};
		4AEB15461C3F125F0047EDF7 /* Build configuration list for PBXNativeTarget "PhotoFeed" */ = {
			isa = XCConfigurationList;
			buildConfigurations = (
				4AEB15471C3F125F0047EDF7 /* Debug */,
				4AEB15481C3F125F0047EDF7 /* Release */,
			);
			defaultConfigurationIsVisible = 0;
			defaultConfigurationName = Release;
		};
/* End XCConfigurationList section */
	};
	rootObject = 4AEB152C1C3F125F0047EDF7 /* Project object */;
}
